
Microsoft Visual Studio Solution File, Format Version 12.00
# Visual Studio Version 17
VisualStudioVersion = 17.4.33213.308
MinimumVisualStudioVersion = 10.0.40219.1
Project("{9A19103F-16F7-4668-BE54-9A1E7A4F7556}") = "BalancedBrackets", "BalancedBrackets.csproj", "{8C72FFBA-1341-466F-BC7B-B5BA7240CBBB}"
EndProject
Global
	GlobalSection(SolutionConfigurationPlatforms) = preSolution
		Debug|Any CPU = Debug|Any CPU
		Release|Any CPU = Release|Any CPU
	EndGlobalSection
	GlobalSection(ProjectConfigurationPlatforms) = postSolution
		{8C72FFBA-1341-466F-BC7B-B5BA7240CBBB}.Debug|Any CPU.ActiveCfg = Debug|Any CPU
		{8C72FFBA-1341-466F-BC7B-B5BA7240CBBB}.Debug|Any CPU.Build.0 = Debug|Any CPU
		{8C72FFBA-1341-466F-BC7B-B5BA7240CBBB}.Release|Any CPU.ActiveCfg = Release|Any CPU
		{8C72FFBA-1341-466F-BC7B-B5BA7240CBBB}.Release|Any CPU.Build.0 = Release|Any CPU
	EndGlobalSection
	GlobalSection(SolutionProperties) = preSolution
		HideSolutionNode = FALSE
	EndGlobalSection
	GlobalSection(ExtensibilityGlobals) = postSolution
		SolutionGuid = {D4B7277F-1C91-4649-8972-6AA37ECA653E}
	EndGlobalSection
EndGlobal
